// !$*UTF8*$!
{
	archiveVersion = 1;
	classes = {
	};
	objectVersion = 50;
	objects = {

/* Begin PBXBuildFile section */
		1D2FFFAB25E2206E00AAA776 /* AppDelegate.swift in Sources */ = {isa = PBXBuildFile; fileRef = 1D2FFFAA25E2206E00AAA776 /* AppDelegate.swift */; };
		1D2FFFAD25E2206E00AAA776 /* SceneDelegate.swift in Sources */ = {isa = PBXBuildFile; fileRef = 1D2FFFAC25E2206E00AAA776 /* SceneDelegate.swift */; };
		1D2FFFAF25E2206E00AAA776 /* ViewController.swift in Sources */ = {isa = PBXBuildFile; fileRef = 1D2FFFAE25E2206E00AAA776 /* ViewController.swift */; };
		1D2FFFB225E2206E00AAA776 /* Main.storyboard in Resources */ = {isa = PBXBuildFile; fileRef = 1D2FFFB025E2206E00AAA776 /* Main.storyboard */; };
		1D2FFFB425E2207600AAA776 /* Assets.xcassets in Resources */ = {isa = PBXBuildFile; fileRef = 1D2FFFB325E2207600AAA776 /* Assets.xcassets */; };
		1D2FFFB725E2207600AAA776 /* LaunchScreen.storyboard in Resources */ = {isa = PBXBuildFile; fileRef = 1D2FFFB525E2207600AAA776 /* LaunchScreen.storyboard */; };
		1D2FFFC225E2207600AAA776 /* I_am_RichTests.swift in Sources */ = {isa = PBXBuildFile; fileRef = 1D2FFFC125E2207600AAA776 /* I_am_RichTests.swift */; };
		1D2FFFCD25E2207600AAA776 /* I_am_RichUITests.swift in Sources */ = {isa = PBXBuildFile; fileRef = 1D2FFFCC25E2207600AAA776 /* I_am_RichUITests.swift */; };
/* End PBXBuildFile section */

/* Begin PBXContainerItemProxy section */
		1D2FFFBE25E2207600AAA776 /* PBXContainerItemProxy */ = {
			isa = PBXContainerItemProxy;
			containerPortal = 1D2FFF9F25E2206E00AAA776 /* Project object */;
			proxyType = 1;
			remoteGlobalIDString = 1D2FFFA625E2206E00AAA776;
			remoteInfo = "I am Rich";
		};
		1D2FFFC925E2207600AAA776 /* PBXContainerItemProxy */ = {
			isa = PBXContainerItemProxy;
			containerPortal = 1D2FFF9F25E2206E00AAA776 /* Project object */;
			proxyType = 1;
			remoteGlobalIDString = 1D2FFFA625E2206E00AAA776;
			remoteInfo = "I am Rich";
		};
/* End PBXContainerItemProxy section */

/* Begin PBXFileReference section */
		1D2FFFA725E2206E00AAA776 /* I am Rich.app */ = {isa = PBXFileReference; explicitFileType = wrapper.application; includeInIndex = 0; path = "I am Rich.app"; sourceTree = BUILT_PRODUCTS_DIR; };
		1D2FFFAA25E2206E00AAA776 /* AppDelegate.swift */ = {isa = PBXFileReference; lastKnownFileType = sourcecode.swift; path = AppDelegate.swift; sourceTree = "<group>"; };
		1D2FFFAC25E2206E00AAA776 /* SceneDelegate.swift */ = {isa = PBXFileReference; lastKnownFileType = sourcecode.swift; path = SceneDelegate.swift; sourceTree = "<group>"; };
		1D2FFFAE25E2206E00AAA776 /* ViewController.swift */ = {isa = PBXFileReference; lastKnownFileType = sourcecode.swift; path = ViewController.swift; sourceTree = "<group>"; };
		1D2FFFB125E2206E00AAA776 /* Base */ = {isa = PBXFileReference; lastKnownFileType = file.storyboard; name = Base; path = Base.lproj/Main.storyboard; sourceTree = "<group>"; };
		1D2FFFB325E2207600AAA776 /* Assets.xcassets */ = {isa = PBXFileReference; lastKnownFileType = folder.assetcatalog; path = Assets.xcassets; sourceTree = "<group>"; };
		1D2FFFB625E2207600AAA776 /* Base */ = {isa = PBXFileReference; lastKnownFileType = file.storyboard; name = Base; path = Base.lproj/LaunchScreen.storyboard; sourceTree = "<group>"; };
		1D2FFFB825E2207600AAA776 /* Info.plist */ = {isa = PBXFileReference; lastKnownFileType = text.plist.xml; path = Info.plist; sourceTree = "<group>"; };
		1D2FFFBD25E2207600AAA776 /* I am RichTests.xctest */ = {isa = PBXFileReference; explicitFileType = wrapper.cfbundle; includeInIndex = 0; path = "I am RichTests.xctest"; sourceTree = BUILT_PRODUCTS_DIR; };
		1D2FFFC125E2207600AAA776 /* I_am_RichTests.swift */ = {isa = PBXFileReference; lastKnownFileType = sourcecode.swift; path = I_am_RichTests.swift; sourceTree = "<group>"; };
		1D2FFFC325E2207600AAA776 /* Info.plist */ = {isa = PBXFileReference; lastKnownFileType = text.plist.xml; path = Info.plist; sourceTree = "<group>"; };
		1D2FFFC825E2207600AAA776 /* I am RichUITests.xctest */ = {isa = PBXFileReference; explicitFileType = wrapper.cfbundle; includeInIndex = 0; path = "I am RichUITests.xctest"; sourceTree = BUILT_PRODUCTS_DIR; };
		1D2FFFCC25E2207600AAA776 /* I_am_RichUITests.swift */ = {isa = PBXFileReference; lastKnownFileType = sourcecode.swift; path = I_am_RichUITests.swift; sourceTree = "<group>"; };
		1D2FFFCE25E2207600AAA776 /* Info.plist */ = {isa = PBXFileReference; lastKnownFileType = text.plist.xml; path = Info.plist; sourceTree = "<group>"; };
/* End PBXFileReference section */

/* Begin PBXFrameworksBuildPhase section */
		1D2FFFA425E2206E00AAA776 /* Frameworks */ = {
			isa = PBXFrameworksBuildPhase;
			buildActionMask = 2147483647;
			files = (
			);
			runOnlyForDeploymentPostprocessing = 0;
		};
		1D2FFFBA25E2207600AAA776 /* Frameworks */ = {
			isa = PBXFrameworksBuildPhase;
			buildActionMask = 2147483647;
			files = (
			);
			runOnlyForDeploymentPostprocessing = 0;
		};
		1D2FFFC525E2207600AAA776 /* Frameworks */ = {
			isa = PBXFrameworksBuildPhase;
			buildActionMask = 2147483647;
			files = (
			);
			runOnlyForDeploymentPostprocessing = 0;
		};
/* End PBXFrameworksBuildPhase section */

/* Begin PBXGroup section */
		1D2FFF9E25E2206E00AAA776 = {
			isa = PBXGroup;
			children = (
				1D2FFFA925E2206E00AAA776 /* I am Rich */,
				1D2FFFC025E2207600AAA776 /* I am RichTests */,
				1D2FFFCB25E2207600AAA776 /* I am RichUITests */,
				1D2FFFA825E2206E00AAA776 /* Products */,
			);
			sourceTree = "<group>";
		};
		1D2FFFA825E2206E00AAA776 /* Products */ = {
			isa = PBXGroup;
			children = (
				1D2FFFA725E2206E00AAA776 /* I am Rich.app */,
				1D2FFFBD25E2207600AAA776 /* I am RichTests.xctest */,
				1D2FFFC825E2207600AAA776 /* I am RichUITests.xctest */,
			);
			name = Products;
			sourceTree = "<group>";
		};
		1D2FFFA925E2206E00AAA776 /* I am Rich */ = {
			isa = PBXGroup;
			children = (
				1D2FFFAA25E2206E00AAA776 /* AppDelegate.swift */,
				1D2FFFAC25E2206E00AAA776 /* SceneDelegate.swift */,
				1D2FFFAE25E2206E00AAA776 /* ViewController.swift */,
				1D2FFFB025E2206E00AAA776 /* Main.storyboard */,
				1D2FFFB325E2207600AAA776 /* Assets.xcassets */,
				1D2FFFB525E2207600AAA776 /* LaunchScreen.storyboard */,
				1D2FFFB825E2207600AAA776 /* Info.plist */,
			);
			path = "I am Rich";
			sourceTree = "<group>";
		};
		1D2FFFC025E2207600AAA776 /* I am RichTests */ = {
			isa = PBXGroup;
			children = (
				1D2FFFC125E2207600AAA776 /* I_am_RichTests.swift */,
				1D2FFFC325E2207600AAA776 /* Info.plist */,
			);
			path = "I am RichTests";
			sourceTree = "<group>";
		};
		1D2FFFCB25E2207600AAA776 /* I am RichUITests */ = {
			isa = PBXGroup;
			children = (
				1D2FFFCC25E2207600AAA776 /* I_am_RichUITests.swift */,
				1D2FFFCE25E2207600AAA776 /* Info.plist */,
			);
			path = "I am RichUITests";
			sourceTree = "<group>";
		};
/* End PBXGroup section */

/* Begin PBXNativeTarget section */
		1D2FFFA625E2206E00AAA776 /* I am Rich */ = {
			isa = PBXNativeTarget;
			buildConfigurationList = 1D2FFFD125E2207600AAA776 /* Build configuration list for PBXNativeTarget "I am Rich" */;
			buildPhases = (
				1D2FFFA325E2206E00AAA776 /* Sources */,
				1D2FFFA425E2206E00AAA776 /* Frameworks */,
				1D2FFFA525E2206E00AAA776 /* Resources */,
			);
			buildRules = (
			);
			dependencies = (
			);
			name = "I am Rich";
			productName = "I am Rich";
			productReference = 1D2FFFA725E2206E00AAA776 /* I am Rich.app */;
			productType = "com.apple.product-type.application";
		};
		1D2FFFBC25E2207600AAA776 /* I am RichTests */ = {
			isa = PBXNativeTarget;
			buildConfigurationList = 1D2FFFD425E2207600AAA776 /* Build configuration list for PBXNativeTarget "I am RichTests" */;
			buildPhases = (
				1D2FFFB925E2207600AAA776 /* Sources */,
				1D2FFFBA25E2207600AAA776 /* Frameworks */,
				1D2FFFBB25E2207600AAA776 /* Resources */,
			);
			buildRules = (
			);
			dependencies = (
				1D2FFFBF25E2207600AAA776 /* PBXTargetDependency */,
			);
			name = "I am RichTests";
			productName = "I am RichTests";
			productReference = 1D2FFFBD25E2207600AAA776 /* I am RichTests.xctest */;
			productType = "com.apple.product-type.bundle.unit-test";
		};
		1D2FFFC725E2207600AAA776 /* I am RichUITests */ = {
			isa = PBXNativeTarget;
			buildConfigurationList = 1D2FFFD725E2207600AAA776 /* Build configuration list for PBXNativeTarget "I am RichUITests" */;
			buildPhases = (
				1D2FFFC425E2207600AAA776 /* Sources */,
				1D2FFFC525E2207600AAA776 /* Frameworks */,
				1D2FFFC625E2207600AAA776 /* Resources */,
			);
			buildRules = (
			);
			dependencies = (
				1D2FFFCA25E2207600AAA776 /* PBXTargetDependency */,
			);
			name = "I am RichUITests";
			productName = "I am RichUITests";
			productReference = 1D2FFFC825E2207600AAA776 /* I am RichUITests.xctest */;
			productType = "com.apple.product-type.bundle.ui-testing";
		};
/* End PBXNativeTarget section */

/* Begin PBXProject section */
		1D2FFF9F25E2206E00AAA776 /* Project object */ = {
			isa = PBXProject;
			attributes = {
				LastSwiftUpdateCheck = 1240;
				LastUpgradeCheck = 1240;
				TargetAttributes = {
					1D2FFFA625E2206E00AAA776 = {
						CreatedOnToolsVersion = 12.4;
					};
					1D2FFFBC25E2207600AAA776 = {
						CreatedOnToolsVersion = 12.4;
						TestTargetID = 1D2FFFA625E2206E00AAA776;
					};
					1D2FFFC725E2207600AAA776 = {
						CreatedOnToolsVersion = 12.4;
						TestTargetID = 1D2FFFA625E2206E00AAA776;
					};
				};
			};
			buildConfigurationList = 1D2FFFA225E2206E00AAA776 /* Build configuration list for PBXProject "I am Rich" */;
			compatibilityVersion = "Xcode 9.3";
			developmentRegion = en;
			hasScannedForEncodings = 0;
			knownRegions = (
				en,
				Base,
			);
			mainGroup = 1D2FFF9E25E2206E00AAA776;
			productRefGroup = 1D2FFFA825E2206E00AAA776 /* Products */;
			projectDirPath = "";
			projectRoot = "";
			targets = (
				1D2FFFA625E2206E00AAA776 /* I am Rich */,
				1D2FFFBC25E2207600AAA776 /* I am RichTests */,
				1D2FFFC725E2207600AAA776 /* I am RichUITests */,
			);
		};
/* End PBXProject section */

/* Begin PBXResourcesBuildPhase section */
		1D2FFFA525E2206E00AAA776 /* Resources */ = {
			isa = PBXResourcesBuildPhase;
			buildActionMask = 2147483647;
			files = (
				1D2FFFB725E2207600AAA776 /* LaunchScreen.storyboard in Resources */,
				1D2FFFB425E2207600AAA776 /* Assets.xcassets in Resources */,
				1D2FFFB225E2206E00AAA776 /* Main.storyboard in Resources */,
			);
			runOnlyForDeploymentPostprocessing = 0;
		};
		1D2FFFBB25E2207600AAA776 /* Resources */ = {
			isa = PBXResourcesBuildPhase;
			buildActionMask = 2147483647;
			files = (
			);
			runOnlyForDeploymentPostprocessing = 0;
		};
		1D2FFFC625E2207600AAA776 /* Resources */ = {
			isa = PBXResourcesBuildPhase;
			buildActionMask = 2147483647;
			files = (
			);
			runOnlyForDeploymentPostprocessing = 0;
		};
/* End PBXResourcesBuildPhase section */

/* Begin PBXSourcesBuildPhase section */
		1D2FFFA325E2206E00AAA776 /* Sources */ = {
			isa = PBXSourcesBuildPhase;
			buildActionMask = 2147483647;
			files = (
				1D2FFFAF25E2206E00AAA776 /* ViewController.swift in Sources */,
				1D2FFFAB25E2206E00AAA776 /* AppDelegate.swift in Sources */,
				1D2FFFAD25E2206E00AAA776 /* SceneDelegate.swift in Sources */,
			);
			runOnlyForDeploymentPostprocessing = 0;
		};
		1D2FFFB925E2207600AAA776 /* Sources */ = {
			isa = PBXSourcesBuildPhase;
			buildActionMask = 2147483647;
			files = (
				1D2FFFC225E2207600AAA776 /* I_am_RichTests.swift in Sources */,
			);
			runOnlyForDeploymentPostprocessing = 0;
		};
		1D2FFFC425E2207600AAA776 /* Sources */ = {
			isa = PBXSourcesBuildPhase;
			buildActionMask = 2147483647;
			files = (
				1D2FFFCD25E2207600AAA776 /* I_am_RichUITests.swift in Sources */,
			);
			runOnlyForDeploymentPostprocessing = 0;
		};
/* End PBXSourcesBuildPhase section */

/* Begin PBXTargetDependency section */
		1D2FFFBF25E2207600AAA776 /* PBXTargetDependency */ = {
			isa = PBXTargetDependency;
			target = 1D2FFFA625E2206E00AAA776 /* I am Rich */;
			targetProxy = 1D2FFFBE25E2207600AAA776 /* PBXContainerItemProxy */;
		};
		1D2FFFCA25E2207600AAA776 /* PBXTargetDependency */ = {
			isa = PBXTargetDependency;
			target = 1D2FFFA625E2206E00AAA776 /* I am Rich */;
			targetProxy = 1D2FFFC925E2207600AAA776 /* PBXContainerItemProxy */;
		};
/* End PBXTargetDependency section */

/* Begin PBXVariantGroup section */
		1D2FFFB025E2206E00AAA776 /* Main.storyboard */ = {
			isa = PBXVariantGroup;
			children = (
				1D2FFFB125E2206E00AAA776 /* Base */,
			);
			name = Main.storyboard;
			sourceTree = "<group>";
		};
		1D2FFFB525E2207600AAA776 /* LaunchScreen.storyboard */ = {
			isa = PBXVariantGroup;
			children = (
				1D2FFFB625E2207600AAA776 /* Base */,
			);
			name = LaunchScreen.storyboard;
			sourceTree = "<group>";
		};
/* End PBXVariantGroup section */

/* Begin XCBuildConfiguration section */
		1D2FFFCF25E2207600AAA776 /* Debug */ = {
			isa = XCBuildConfiguration;
			buildSettings = {
				ALWAYS_SEARCH_USER_PATHS = NO;
				CLANG_ANALYZER_NONNULL = YES;
				CLANG_ANALYZER_NUMBER_OBJECT_CONVERSION = YES_AGGRESSIVE;
				CLANG_CXX_LANGUAGE_STANDARD = "gnu++14";
				CLANG_CXX_LIBRARY = "libc++";
				CLANG_ENABLE_MODULES = YES;
				CLANG_ENABLE_OBJC_ARC = YES;
				CLANG_ENABLE_OBJC_WEAK = YES;
				CLANG_WARN_BLOCK_CAPTURE_AUTORELEASING = YES;
				CLANG_WARN_BOOL_CONVERSION = YES;
				CLANG_WARN_COMMA = YES;
				CLANG_WARN_CONSTANT_CONVERSION = YES;
				CLANG_WARN_DEPRECATED_OBJC_IMPLEMENTATIONS = YES;
				CLANG_WARN_DIRECT_OBJC_ISA_USAGE = YES_ERROR;
				CLANG_WARN_DOCUMENTATION_COMMENTS = YES;
				CLANG_WARN_EMPTY_BODY = YES;
				CLANG_WARN_ENUM_CONVERSION = YES;
				CLANG_WARN_INFINITE_RECURSION = YES;
				CLANG_WARN_INT_CONVERSION = YES;
				CLANG_WARN_NON_LITERAL_NULL_CONVERSION = YES;
				CLANG_WARN_OBJC_IMPLICIT_RETAIN_SELF = YES;
				CLANG_WARN_OBJC_LITERAL_CONVERSION = YES;
				CLANG_WARN_OBJC_ROOT_CLASS = YES_ERROR;
				CLANG_WARN_QUOTED_INCLUDE_IN_FRAMEWORK_HEADER = YES;
				CLANG_WARN_RANGE_LOOP_ANALYSIS = YES;
				CLANG_WARN_STRICT_PROTOTYPES = YES;
				CLANG_WARN_SUSPICIOUS_MOVE = YES;
				CLANG_WARN_UNGUARDED_AVAILABILITY = YES_AGGRESSIVE;
				CLANG_WARN_UNREACHABLE_CODE = YES;
				CLANG_WARN__DUPLICATE_METHOD_MATCH = YES;
				COPY_PHASE_STRIP = NO;
				DEBUG_INFORMATION_FORMAT = dwarf;
				ENABLE_STRICT_OBJC_MSGSEND = YES;
				ENABLE_TESTABILITY = YES;
				GCC_C_LANGUAGE_STANDARD = gnu11;
				GCC_DYNAMIC_NO_PIC = NO;
				GCC_NO_COMMON_BLOCKS = YES;
				GCC_OPTIMIZATION_LEVEL = 0;
				GCC_PREPROCESSOR_DEFINITIONS = (
					"DEBUG=1",
					"$(inherited)",
				);
				GCC_WARN_64_TO_32_BIT_CONVERSION = YES;
				GCC_WARN_ABOUT_RETURN_TYPE = YES_ERROR;
				GCC_WARN_UNDECLARED_SELECTOR = YES;
				GCC_WARN_UNINITIALIZED_AUTOS = YES_AGGRESSIVE;
				GCC_WARN_UNUSED_FUNCTION = YES;
				GCC_WARN_UNUSED_VARIABLE = YES;
				IPHONEOS_DEPLOYMENT_TARGET = 14.4;
				MTL_ENABLE_DEBUG_INFO = INCLUDE_SOURCE;
				MTL_FAST_MATH = YES;
				ONLY_ACTIVE_ARCH = YES;
				SDKROOT = iphoneos;
				SWIFT_ACTIVE_COMPILATION_CONDITIONS = DEBUG;
				SWIFT_OPTIMIZATION_LEVEL = "-Onone";
			};
			name = Debug;
		};
		1D2FFFD025E2207600AAA776 /* Release */ = {
			isa = XCBuildConfiguration;
			buildSettings = {
				ALWAYS_SEARCH_USER_PATHS = NO;
				CLANG_ANALYZER_NONNULL = YES;
				CLANG_ANALYZER_NUMBER_OBJECT_CONVERSION = YES_AGGRESSIVE;
				CLANG_CXX_LANGUAGE_STANDARD = "gnu++14";
				CLANG_CXX_LIBRARY = "libc++";
				CLANG_ENABLE_MODULES = YES;
				CLANG_ENABLE_OBJC_ARC = YES;
				CLANG_ENABLE_OBJC_WEAK = YES;
				CLANG_WARN_BLOCK_CAPTURE_AUTORELEASING = YES;
				CLANG_WARN_BOOL_CONVERSION = YES;
				CLANG_WARN_COMMA = YES;
				CLANG_WARN_CONSTANT_CONVERSION = YES;
				CLANG_WARN_DEPRECATED_OBJC_IMPLEMENTATIONS = YES;
				CLANG_WARN_DIRECT_OBJC_ISA_USAGE = YES_ERROR;
				CLANG_WARN_DOCUMENTATION_COMMENTS = YES;
				CLANG_WARN_EMPTY_BODY = YES;
				CLANG_WARN_ENUM_CONVERSION = YES;
				CLANG_WARN_INFINITE_RECURSION = YES;
				CLANG_WARN_INT_CONVERSION = YES;
				CLANG_WARN_NON_LITERAL_NULL_CONVERSION = YES;
				CLANG_WARN_OBJC_IMPLICIT_RETAIN_SELF = YES;
				CLANG_WARN_OBJC_LITERAL_CONVERSION = YES;
				CLANG_WARN_OBJC_ROOT_CLASS = YES_ERROR;
				CLANG_WARN_QUOTED_INCLUDE_IN_FRAMEWORK_HEADER = YES;
				CLANG_WARN_RANGE_LOOP_ANALYSIS = YES;
				CLANG_WARN_STRICT_PROTOTYPES = YES;
				CLANG_WARN_SUSPICIOUS_MOVE = YES;
				CLANG_WARN_UNGUARDED_AVAILABILITY = YES_AGGRESSIVE;
				CLANG_WARN_UNREACHABLE_CODE = YES;
				CLANG_WARN__DUPLICATE_METHOD_MATCH = YES;
				COPY_PHASE_STRIP = NO;
				DEBUG_INFORMATION_FORMAT = "dwarf-with-dsym";
				ENABLE_NS_ASSERTIONS = NO;
				ENABLE_STRICT_OBJC_MSGSEND = YES;
				GCC_C_LANGUAGE_STANDARD = gnu11;
				GCC_NO_COMMON_BLOCKS = YES;
				GCC_WARN_64_TO_32_BIT_CONVERSION = YES;
				GCC_WARN_ABOUT_RETURN_TYPE = YES_ERROR;
				GCC_WARN_UNDECLARED_SELECTOR = YES;
				GCC_WARN_UNINITIALIZED_AUTOS = YES_AGGRESSIVE;
				GCC_WARN_UNUSED_FUNCTION = YES;
				GCC_WARN_UNUSED_VARIABLE = YES;
				IPHONEOS_DEPLOYMENT_TARGET = 14.4;
				MTL_ENABLE_DEBUG_INFO = NO;
				MTL_FAST_MATH = YES;
				SDKROOT = iphoneos;
				SWIFT_COMPILATION_MODE = wholemodule;
				SWIFT_OPTIMIZATION_LEVEL = "-O";
				VALIDATE_PRODUCT = YES;
			};
			name = Release;
		};
		1D2FFFD225E2207600AAA776 /* Debug */ = {
			isa = XCBuildConfiguration;
			buildSettings = {
				ASSETCATALOG_COMPILER_APPICON_NAME = AppIcon;
				ASSETCATALOG_COMPILER_GLOBAL_ACCENT_COLOR_NAME = AccentColor;
				CODE_SIGN_STYLE = Automatic;
				DEVELOPMENT_TEAM = S3PCPAD959;
				INFOPLIST_FILE = "I am Rich/Info.plist";
				IPHONEOS_DEPLOYMENT_TARGET = 13.0;
				LD_RUNPATH_SEARCH_PATHS = (
					"$(inherited)",
					"@executable_path/Frameworks",
				);
				PRODUCT_BUNDLE_IDENTIFIER = "co.xr.I-am-Rich";
				PRODUCT_NAME = "$(TARGET_NAME)";
				SWIFT_VERSION = 5.0;
				TARGETED_DEVICE_FAMILY = "1,2";
			};
			name = Debug;
		};
		1D2FFFD325E2207600AAA776 /* Release */ = {
			isa = XCBuildConfiguration;
			buildSettings = {
				ASSETCATALOG_COMPILER_APPICON_NAME = AppIcon;
				ASSETCATALOG_COMPILER_GLOBAL_ACCENT_COLOR_NAME = AccentColor;
				CODE_SIGN_STYLE = Automatic;
				DEVELOPMENT_TEAM = S3PCPAD959;
				INFOPLIST_FILE = "I am Rich/Info.plist";
				IPHONEOS_DEPLOYMENT_TARGET = 13.0;
				LD_RUNPATH_SEARCH_PATHS = (
					"$(inherited)",
					"@executable_path/Frameworks",
				);
				PRODUCT_BUNDLE_IDENTIFIER = "co.xr.I-am-Rich";
				PRODUCT_NAME = "$(TARGET_NAME)";
				SWIFT_VERSION = 5.0;
				TARGETED_DEVICE_FAMILY = "1,2";
			};
			name = Release;
		};
		1D2FFFD525E2207600AAA776 /* Debug */ = {
			isa = XCBuildConfiguration;
			buildSettings = {
				ALWAYS_EMBED_SWIFT_STANDARD_LIBRARIES = YES;
				BUNDLE_LOADER = "$(TEST_HOST)";
				CODE_SIGN_STYLE = Automatic;
				INFOPLIST_FILE = "I am RichTests/Info.plist";
				IPHONEOS_DEPLOYMENT_TARGET = 14.4;
				LD_RUNPATH_SEARCH_PATHS = (
					"$(inherited)",
					"@executable_path/Frameworks",
					"@loader_path/Frameworks",
				);
				PRODUCT_BUNDLE_IDENTIFIER = "co.wanglai.I-am-RichTests";
				PRODUCT_NAME = "$(TARGET_NAME)";
				SWIFT_VERSION = 5.0;
				TARGETED_DEVICE_FAMILY = "1,2";
				TEST_HOST = "$(BUILT_PRODUCTS_DIR)/I am Rich.app/I am Rich";
			};
			name = Debug;
		};
		1D2FFFD625E2207600AAA776 /* Release */ = {
			isa = XCBuildConfiguration;
			buildSettings = {
				ALWAYS_EMBED_SWIFT_STANDARD_LIBRARIES = YES;
				BUNDLE_LOADER = "$(TEST_HOST)";
				CODE_SIGN_STYLE = Automatic;
				INFOPLIST_FILE = "I am RichTests/Info.plist";
				IPHONEOS_DEPLOYMENT_TARGET = 14.4;
				LD_RUNPATH_SEARCH_PATHS = (
					"$(inherited)",
					"@executable_path/Frameworks",
					"@loader_path/Frameworks",
				);
				PRODUCT_BUNDLE_IDENTIFIER = "co.wanglai.I-am-RichTests";
				PRODUCT_NAME = "$(TARGET_NAME)";
				SWIFT_VERSION = 5.0;
				TARGETED_DEVICE_FAMILY = "1,2";
				TEST_HOST = "$(BUILT_PRODUCTS_DIR)/I am Rich.app/I am Rich";
			};
			name = Release;
		};
		1D2FFFD825E2207600AAA776 /* Debug */ = {
			isa = XCBuildConfiguration;
			buildSettings = {
				ALWAYS_EMBED_SWIFT_STANDARD_LIBRARIES = YES;
				CODE_SIGN_STYLE = Automatic;
				INFOPLIST_FILE = "I am RichUITests/Info.plist";
				LD_RUNPATH_SEARCH_PATHS = (
					"$(inherited)",
					"@executable_path/Frameworks",
					"@loader_path/Frameworks",
				);
				PRODUCT_BUNDLE_IDENTIFIER = "co.wanglai.I-am-RichUITests";
				PRODUCT_NAME = "$(TARGET_NAME)";
				SWIFT_VERSION = 5.0;
				TARGETED_DEVICE_FAMILY = "1,2";
				TEST_TARGET_NAME = "I am Rich";
			};
			name = Debug;
		};
		1D2FFFD925E2207600AAA776 /* Release */ = {
			isa = XCBuildConfiguration;
			buildSettings = {
				ALWAYS_EMBED_SWIFT_STANDARD_LIBRARIES = YES;
				CODE_SIGN_STYLE = Automatic;
				INFOPLIST_FILE = "I am RichUITests/Info.plist";
				LD_RUNPATH_SEARCH_PATHS = (
					"$(inherited)",
					"@executable_path/Frameworks",
					"@loader_path/Frameworks",
				);
				PRODUCT_BUNDLE_IDENTIFIER = "co.wanglai.I-am-RichUITests";
				PRODUCT_NAME = "$(TARGET_NAME)";
				SWIFT_VERSION = 5.0;
				TARGETED_DEVICE_FAMILY = "1,2";
				TEST_TARGET_NAME = "I am Rich";
			};
			name = Release;
		};
/* End XCBuildConfiguration section */

/* Begin XCConfigurationList section */
		1D2FFFA225E2206E00AAA776 /* Build configuration list for PBXProject "I am Rich" */ = {
			isa = XCConfigurationList;
			buildConfigurations = (
				1D2FFFCF25E2207600AAA776 /* Debug */,
				1D2FFFD025E2207600AAA776 /* Release */,
			);
			defaultConfigurationIsVisible = 0;
			defaultConfigurationName = Release;
		};
		1D2FFFD125E2207600AAA776 /* Build configuration list for PBXNativeTarget "I am Rich" */ = {
			isa = XCConfigurationList;
			buildConfigurations = (
				1D2FFFD225E2207600AAA776 /* Debug */,
				1D2FFFD325E2207600AAA776 /* Release */,
			);
			defaultConfigurationIsVisible = 0;
			defaultConfigurationName = Release;
		};
		1D2FFFD425E2207600AAA776 /* Build configuration list for PBXNativeTarget "I am RichTests" */ = {
			isa = XCConfigurationList;
			buildConfigurations = (
				1D2FFFD525E2207600AAA776 /* Debug */,
				1D2FFFD625E2207600AAA776 /* Release */,
			);
			defaultConfigurationIsVisible = 0;
			defaultConfigurationName = Release;
		};
		1D2FFFD725E2207600AAA776 /* Build configuration list for PBXNativeTarget "I am RichUITests" */ = {
			isa = XCConfigurationList;
			buildConfigurations = (
				1D2FFFD825E2207600AAA776 /* Debug */,
				1D2FFFD925E2207600AAA776 /* Release */,
			);
			defaultConfigurationIsVisible = 0;
			defaultConfigurationName = Release;
		};
/* End XCConfigurationList section */
	};
	rootObject = 1D2FFF9F25E2206E00AAA776 /* Project object */;
}
